
Microsoft Visual Studio Solution File, Format Version 12.00
# Visual Studio 15
VisualStudioVersion = 15.0.28010.2019
MinimumVisualStudioVersion = 10.0.40219.1
Project("{FAE04EC0-301F-11D3-BF4B-00C04F79EFBC}") = "ShoppingKart.DALCrossPlatform", "ShoppingKart.DALCrossPlatform\ShoppingKart.DALCrossPlatform.csproj", "{87ADC48A-A17F-4CEF-BB72-9073F30265ED}"
EndProject
Global
	GlobalSection(SolutionConfigurationPlatforms) = preSolution
		Debug|Any CPU = Debug|Any CPU
		Release|Any CPU = Release|Any CPU
	EndGlobalSection
	GlobalSection(ProjectConfigurationPlatforms) = postSolution
		{87ADC48A-A17F-4CEF-BB72-9073F30265ED}.Debug|Any CPU.ActiveCfg = Debug|Any CPU
		{87ADC48A-A17F-4CEF-BB72-9073F30265ED}.Debug|Any CPU.Build.0 = Debug|Any CPU
		{87ADC48A-A17F-4CEF-BB72-9073F30265ED}.Release|Any CPU.ActiveCfg = Release|Any CPU
		{87ADC48A-A17F-4CEF-BB72-9073F30265ED}.Release|Any CPU.Build.0 = Release|Any CPU
	EndGlobalSection
	GlobalSection(SolutionProperties) = preSolution
		HideSolutionNode = FALSE
	EndGlobalSection
	GlobalSection(ExtensibilityGlobals) = postSolution
		SolutionGuid = {34B838B3-A65C-423C-82B6-64744DB24811}
	EndGlobalSection
EndGlobal
